{
  "pins" : [
    {
      "identity" : "canvas",
      "kind" : "remoteSourceControl",
      "location" : "https://github.com/heestand-xyz/Canvas",
      "state" : {
        "revision" : "3d6f2186362a7a369e124446af022ba36bfc296f",
        "version" : "2.1.0"
      }
    },
    {
      "identity" : "coregraphicsextensions",
      "kind" : "remoteSourceControl",
      "location" : "https://github.com/heestand-xyz/CoreGraphicsExtensions",
      "state" : {
        "revision" : "c80edf108cd5701771470e818b7d0abcd293d531",
        "version" : "1.7.0"
      }
    },
    {
      "identity" : "displaylink",
      "kind" : "remoteSourceControl",
      "location" : "https://github.com/heestand-xyz/DisplayLink",
      "state" : {
        "revision" : "0ef682f0221b126a23047080c123d86a3ceb12eb",
        "version" : "1.1.0"
      }
    },
    {
      "identity" : "logger",
      "kind" : "remoteSourceControl",
      "location" : "https://github.com/heestand-xyz/Logger",
      "state" : {
        "revision" : "8553f58e72b83598acc28d4ea93b1dc992c71067",
        "version" : "0.3.1"
      }
    },
    {
      "identity" : "multiviews",
      "kind" : "remoteSourceControl",
      "location" : "https://github.com/heestand-xyz/MultiViews",
      "state" : {
        "revision" : "c717d0dcf791ef15ae151b124d0b653ce93b7702",
        "version" : "2.2.0"
      }
    },
    {
      "identity" : "swift-collections",
      "kind" : "remoteSourceControl",
      "location" : "https://github.com/apple/swift-collections",
      "state" : {
        "revision" : "d029d9d39c87bed85b1c50adee7c41795261a192",
        "version" : "1.0.6"
      }
    }
  ],
  "version" : 2
}
