{
  "pins" : [
    {
      "identity" : "coregraphicsextensions",
      "kind" : "remoteSourceControl",
      "location" : "https://github.com/heestand-xyz/CoreGraphicsExtensions",
      "state" : {
        "revision" : "a64b26e06b6f95fd0bc04cdd97d1466d6167634a",
        "version" : "2.0.1"
      }
    },
    {
      "identity" : "displaylink",
      "kind" : "remoteSourceControl",
      "location" : "https://github.com/heestand-xyz/DisplayLink",
      "state" : {
        "revision" : "4da2c8002426e07a2e1ada87355fc3f17d0be175",
        "version" : "2.1.0"
      }
    },
    {
      "identity" : "gesturecanvas",
      "kind" : "remoteSourceControl",
      "location" : "https://github.com/heestand-xyz/GestureCanvas",
      "state" : {
        "revision" : "d38047008e738e4b02e5086030242aa2317c2a22",
        "version" : "1.5.1"
      }
    },
    {
      "identity" : "texturemap",
      "kind" : "remoteSourceControl",
      "location" : "https://github.com/heestand-xyz/TextureMap",
      "state" : {
        "revision" : "fd4d8f4bbebd7451634c1f5257d3298f5faffd57",
        "version" : "2.2.1"
      }
    }
  ],
  "version" : 2
}
